
Microsoft Visual Studio Solution File, Format Version 12.00
# Visual Studio Version 17
VisualStudioVersion = 17.2.32630.192
MinimumVisualStudioVersion = 10.0.40219.1
Project("{FAE04EC0-301F-11D3-BF4B-00C04F79EFBC}") = "GasStationApp", "GasStationApp\GasStationApp.csproj", "{37087F5C-6983-4713-8FCA-F13DED6644D1}"
EndProject
Global
	GlobalSection(SolutionConfigurationPlatforms) = preSolution
		Debug|Any CPU = Debug|Any CPU
		Release|Any CPU = Release|Any CPU
	EndGlobalSection
	GlobalSection(ProjectConfigurationPlatforms) = postSolution
		{37087F5C-6983-4713-8FCA-F13DED6644D1}.Debug|Any CPU.ActiveCfg = Debug|Any CPU
		{37087F5C-6983-4713-8FCA-F13DED6644D1}.Debug|Any CPU.Build.0 = Debug|Any CPU
		{37087F5C-6983-4713-8FCA-F13DED6644D1}.Release|Any CPU.ActiveCfg = Release|Any CPU
		{37087F5C-6983-4713-8FCA-F13DED6644D1}.Release|Any CPU.Build.0 = Release|Any CPU
	EndGlobalSection
	GlobalSection(SolutionProperties) = preSolution
		HideSolutionNode = FALSE
	EndGlobalSection
	GlobalSection(ExtensibilityGlobals) = postSolution
		SolutionGuid = {35406423-D320-4CD4-915A-7B4F71027BE4}
	EndGlobalSection
EndGlobal
